
Microsoft Visual Studio Solution File, Format Version 12.00
# Visual Studio Version 16
VisualStudioVersion = 16.0.30804.86
MinimumVisualStudioVersion = 10.0.40219.1
Project("{9A19103F-16F7-4668-BE54-9A1E7A4F7556}") = "DataAccess", "DataAccess\DataAccess.csproj", "{87BACA4A-155C-4B8C-A262-5955C61AA239}"
EndProject
Project("{9A19103F-16F7-4668-BE54-9A1E7A4F7556}") = "Business", "Business\Business.csproj", "{7CA2B4BB-05BA-4673-A307-FB4AF5138A1F}"
EndProject
Project("{9A19103F-16F7-4668-BE54-9A1E7A4F7556}") = "Entities", "Entities\Entities.csproj", "{669F7C32-77AB-4141-A066-48D247914650}"
EndProject
Project("{9A19103F-16F7-4668-BE54-9A1E7A4F7556}") = "ConsoleUI", "ConsoleUI\ConsoleUI.csproj", "{32434CD9-9375-43D5-8331-9396C6025D04}"
EndProject
Project("{9A19103F-16F7-4668-BE54-9A1E7A4F7556}") = "Core", "Core\Core.csproj", "{33932E9C-4D77-4C3C-913E-50A9E8317CE0}"
EndProject
Project("{FAE04EC0-301F-11D3-BF4B-00C04F79EFBC}") = "WebAPI", "WebAPI\WebAPI.csproj", "{97AD4042-3EB7-45EF-BB86-832747084DFD}"
EndProject
Global
	GlobalSection(SolutionConfigurationPlatforms) = preSolution
		Debug|Any CPU = Debug|Any CPU
		Release|Any CPU = Release|Any CPU
	EndGlobalSection
	GlobalSection(ProjectConfigurationPlatforms) = postSolution
		{87BACA4A-155C-4B8C-A262-5955C61AA239}.Debug|Any CPU.ActiveCfg = Debug|Any CPU
		{87BACA4A-155C-4B8C-A262-5955C61AA239}.Debug|Any CPU.Build.0 = Debug|Any CPU
		{87BACA4A-155C-4B8C-A262-5955C61AA239}.Release|Any CPU.ActiveCfg = Release|Any CPU
		{87BACA4A-155C-4B8C-A262-5955C61AA239}.Release|Any CPU.Build.0 = Release|Any CPU
		{7CA2B4BB-05BA-4673-A307-FB4AF5138A1F}.Debug|Any CPU.ActiveCfg = Debug|Any CPU
		{7CA2B4BB-05BA-4673-A307-FB4AF5138A1F}.Debug|Any CPU.Build.0 = Debug|Any CPU
		{7CA2B4BB-05BA-4673-A307-FB4AF5138A1F}.Release|Any CPU.ActiveCfg = Release|Any CPU
		{7CA2B4BB-05BA-4673-A307-FB4AF5138A1F}.Release|Any CPU.Build.0 = Release|Any CPU
		{669F7C32-77AB-4141-A066-48D247914650}.Debug|Any CPU.ActiveCfg = Debug|Any CPU
		{669F7C32-77AB-4141-A066-48D247914650}.Debug|Any CPU.Build.0 = Debug|Any CPU
		{669F7C32-77AB-4141-A066-48D247914650}.Release|Any CPU.ActiveCfg = Release|Any CPU
		{669F7C32-77AB-4141-A066-48D247914650}.Release|Any CPU.Build.0 = Release|Any CPU
		{32434CD9-9375-43D5-8331-9396C6025D04}.Debug|Any CPU.ActiveCfg = Debug|Any CPU
		{32434CD9-9375-43D5-8331-9396C6025D04}.Debug|Any CPU.Build.0 = Debug|Any CPU
		{32434CD9-9375-43D5-8331-9396C6025D04}.Release|Any CPU.ActiveCfg = Release|Any CPU
		{32434CD9-9375-43D5-8331-9396C6025D04}.Release|Any CPU.Build.0 = Release|Any CPU
		{33932E9C-4D77-4C3C-913E-50A9E8317CE0}.Debug|Any CPU.ActiveCfg = Debug|Any CPU
		{33932E9C-4D77-4C3C-913E-50A9E8317CE0}.Debug|Any CPU.Build.0 = Debug|Any CPU
		{33932E9C-4D77-4C3C-913E-50A9E8317CE0}.Release|Any CPU.ActiveCfg = Release|Any CPU
		{33932E9C-4D77-4C3C-913E-50A9E8317CE0}.Release|Any CPU.Build.0 = Release|Any CPU
		{97AD4042-3EB7-45EF-BB86-832747084DFD}.Debug|Any CPU.ActiveCfg = Debug|Any CPU
		{97AD4042-3EB7-45EF-BB86-832747084DFD}.Debug|Any CPU.Build.0 = Debug|Any CPU
		{97AD4042-3EB7-45EF-BB86-832747084DFD}.Release|Any CPU.ActiveCfg = Release|Any CPU
		{97AD4042-3EB7-45EF-BB86-832747084DFD}.Release|Any CPU.Build.0 = Release|Any CPU
	EndGlobalSection
	GlobalSection(SolutionProperties) = preSolution
		HideSolutionNode = FALSE
	EndGlobalSection
	GlobalSection(ExtensibilityGlobals) = postSolution
		SolutionGuid = {85DDB952-24CE-4E6E-A5A9-B373210CE4E3}
	EndGlobalSection
EndGlobal
